
Microsoft Visual Studio Solution File, Format Version 12.00
# Visual Studio Version 17
VisualStudioVersion = 17.3.32929.385
MinimumVisualStudioVersion = 10.0.40219.1
Project("{FAE04EC0-301F-11D3-BF4B-00C04F79EFBC}") = "ConsoleLoader", "ConsoleLoader\ConsoleLoader.csproj", "{F1315660-BE70-4041-A7C4-8D66E862E944}"
EndProject
Project("{FAE04EC0-301F-11D3-BF4B-00C04F79EFBC}") = "Model", "Model\Model.csproj", "{337D7947-AAA9-4550-AE38-2E9FB2815329}"
EndProject
Project("{FAE04EC0-301F-11D3-BF4B-00C04F79EFBC}") = "View", "View\View.csproj", "{0943B2A2-A46A-40DE-94B4-0332B999F3A5}"
EndProject
Project("{FAE04EC0-301F-11D3-BF4B-00C04F79EFBC}") = "UnitTests", "UnitTests\UnitTests.csproj", "{6403A2CB-AB85-4A9B-BB60-738C063CB28C}"
EndProject
Global
	GlobalSection(SolutionConfigurationPlatforms) = preSolution
		Debug|Any CPU = Debug|Any CPU
		Release|Any CPU = Release|Any CPU
	EndGlobalSection
	GlobalSection(ProjectConfigurationPlatforms) = postSolution
		{F1315660-BE70-4041-A7C4-8D66E862E944}.Debug|Any CPU.ActiveCfg = Debug|Any CPU
		{F1315660-BE70-4041-A7C4-8D66E862E944}.Debug|Any CPU.Build.0 = Debug|Any CPU
		{F1315660-BE70-4041-A7C4-8D66E862E944}.Release|Any CPU.ActiveCfg = Release|Any CPU
		{F1315660-BE70-4041-A7C4-8D66E862E944}.Release|Any CPU.Build.0 = Release|Any CPU
		{337D7947-AAA9-4550-AE38-2E9FB2815329}.Debug|Any CPU.ActiveCfg = Debug|Any CPU
		{337D7947-AAA9-4550-AE38-2E9FB2815329}.Debug|Any CPU.Build.0 = Debug|Any CPU
		{337D7947-AAA9-4550-AE38-2E9FB2815329}.Release|Any CPU.ActiveCfg = Release|Any CPU
		{337D7947-AAA9-4550-AE38-2E9FB2815329}.Release|Any CPU.Build.0 = Release|Any CPU
		{0943B2A2-A46A-40DE-94B4-0332B999F3A5}.Debug|Any CPU.ActiveCfg = Debug|Any CPU
		{0943B2A2-A46A-40DE-94B4-0332B999F3A5}.Debug|Any CPU.Build.0 = Debug|Any CPU
		{0943B2A2-A46A-40DE-94B4-0332B999F3A5}.Release|Any CPU.ActiveCfg = Release|Any CPU
		{0943B2A2-A46A-40DE-94B4-0332B999F3A5}.Release|Any CPU.Build.0 = Release|Any CPU
		{6403A2CB-AB85-4A9B-BB60-738C063CB28C}.Debug|Any CPU.ActiveCfg = Debug|Any CPU
		{6403A2CB-AB85-4A9B-BB60-738C063CB28C}.Debug|Any CPU.Build.0 = Debug|Any CPU
		{6403A2CB-AB85-4A9B-BB60-738C063CB28C}.Release|Any CPU.ActiveCfg = Release|Any CPU
		{6403A2CB-AB85-4A9B-BB60-738C063CB28C}.Release|Any CPU.Build.0 = Release|Any CPU
	EndGlobalSection
	GlobalSection(SolutionProperties) = preSolution
		HideSolutionNode = FALSE
	EndGlobalSection
	GlobalSection(ExtensibilityGlobals) = postSolution
		SolutionGuid = {9F0B355D-9C09-409B-B982-A15EA2FE63FD}
	EndGlobalSection
EndGlobal
